
Microsoft Visual Studio Solution File, Format Version 12.00
# Visual Studio Version 17
VisualStudioVersion = 17.8.34316.72
MinimumVisualStudioVersion = 10.0.40219.1
Project("{FAE04EC0-301F-11D3-BF4B-00C04F79EFBC}") = "Tribeca.WebAPI", "Tribeca.WebAPI\Tribeca.WebAPI.csproj", "{E9DC6DCD-939D-4C2F-A88C-08749D36299C}"
EndProject
Global
	GlobalSection(SolutionConfigurationPlatforms) = preSolution
		Debug|Any CPU = Debug|Any CPU
		Release|Any CPU = Release|Any CPU
	EndGlobalSection
	GlobalSection(ProjectConfigurationPlatforms) = postSolution
		{E9DC6DCD-939D-4C2F-A88C-08749D36299C}.Debug|Any CPU.ActiveCfg = Debug|Any CPU
		{E9DC6DCD-939D-4C2F-A88C-08749D36299C}.Debug|Any CPU.Build.0 = Debug|Any CPU
		{E9DC6DCD-939D-4C2F-A88C-08749D36299C}.Release|Any CPU.ActiveCfg = Release|Any CPU
		{E9DC6DCD-939D-4C2F-A88C-08749D36299C}.Release|Any CPU.Build.0 = Release|Any CPU
	EndGlobalSection
	GlobalSection(SolutionProperties) = preSolution
		HideSolutionNode = FALSE
	EndGlobalSection
	GlobalSection(ExtensibilityGlobals) = postSolution
		SolutionGuid = {D297009C-C234-4FAD-82AF-BF55D0101283}
	EndGlobalSection
EndGlobal
